<?xml version="1.0" encoding="utf-8"?>
<Project ToolsVersion="4.0" xmlns="http://schemas.microsoft.com/developer/msbuild/2003">
  <ItemGroup>
    <Filter Include="Source Files">
      <UniqueIdentifier>{4FC737F1-C7A5-4376-A066-2A32D752A2FF}</UniqueIdentifier>
      <Extensions>cpp;c;cc;cxx;def;odl;idl;hpj;bat;asm;asmx</Extensions>
    </Filter>
    <Filter Include="Header Files">
      <UniqueIdentifier>{93995380-89BD-4b04-88EB-625FBE52EBFB}</UniqueIdentifier>
      <Extensions>h;hpp;hxx;hm;inl;inc;xsd</Extensions>
    </Filter>
    <Filter Include="Resource Files">
      <UniqueIdentifier>{67DA6AB6-F800-4c08-8B7A-83BB121AAD01}</UniqueIdentifier>
      <Extensions>rc;ico;cur;bmp;dlg;rc2;rct;bin;rgs;gif;jpg;jpeg;jpe;resx;tiff;tif;png;wav;mfcribbon-ms</Extensions>
    </Filter>
    <Filter Include="ziputils">
      <UniqueIdentifier>{25337158-3ac6-4259-b1f4-fc6a5a78eda2}</UniqueIdentifier>
    </Filter>
    <Filter Include="ziputils\Header Files">
      <UniqueIdentifier>{cfdf6f6c-ea50-413d-be81-051e404e408e}</UniqueIdentifier>
    </Filter>
    <Filter Include="ziputils\Source Files">
      <UniqueIdentifier>{f1e204e3-5d57-44d7-b1f2-a677f57ef69e}</UniqueIdentifier>
    </Filter>
  </ItemGroup>
  <ItemGroup>
    <None Include="ReadMe.txt" />
    <None Include="docxfile.bin">
      <Filter>Resource Files</Filter>
    </None>
  </ItemGroup>
  <ItemGroup>
    <ClInclude Include="img2docx.h">
      <Filter>Header Files</Filter>
    </ClInclude>
    <ClInclude Include="docxgen.h">
      <Filter>Header Files</Filter>
    </ClInclude>
    <ClInclude Include="resource.h">
      <Filter>Header Files</Filter>
    </ClInclude>
    <ClInclude Include="template.h">
      <Filter>Header Files</Filter>
    </ClInclude>
    <ClInclude Include="ziputils\zip.h">
      <Filter>ziputils\Header Files</Filter>
    </ClInclude>
    <ClInclude Include="ziputils\unzip.h">
      <Filter>ziputils\Header Files</Filter>
    </ClInclude>
    <ClInclude Include="xmlwrapper.h">
      <Filter>Header Files</Filter>
    </ClInclude>
    <ClInclude Include="filehelper.h">
      <Filter>Header Files</Filter>
    </ClInclude>
  </ItemGroup>
  <ItemGroup>
    <ClCompile Include="img2docx.cpp">
      <Filter>Source Files</Filter>
    </ClCompile>
    <ClCompile Include="docxgen.cpp">
      <Filter>Source Files</Filter>
    </ClCompile>
    <ClCompile Include="ziputils\zip.cpp">
      <Filter>ziputils\Source Files</Filter>
    </ClCompile>
    <ClCompile Include="ziputils\unzip.cpp">
      <Filter>ziputils\Source Files</Filter>
    </ClCompile>
    <ClCompile Include="xmlwrapper.cpp">
      <Filter>Source Files</Filter>
    </ClCompile>
    <ClCompile Include="filehelper.cpp">
      <Filter>Source Files</Filter>
    </ClCompile>
  </ItemGroup>
  <ItemGroup>
    <ResourceCompile Include="img2docx.rc">
      <Filter>Resource Files</Filter>
    </ResourceCompile>
  </ItemGroup>
</Project>